
Microsoft Visual Studio Solution File, Format Version 12.00
# Visual Studio Version 16
VisualStudioVersion = 16.0.809.6
MinimumVisualStudioVersion = 10.0.40219.1
Project("{FAE04EC0-301F-11D3-BF4B-00C04F79EFBC}") = "FileSystem", "FileSystem.csproj", "{FF15180C-FD11-4BED-8902-9578E7B46AC7}"
EndProject
Global
	GlobalSection(SolutionConfigurationPlatforms) = preSolution
		Debug|anycpu = Debug|anycpu
		Release|anycpu = Release|anycpu
	EndGlobalSection
	GlobalSection(ProjectConfigurationPlatforms) = postSolution
		{FF15180C-FD11-4BED-8902-9578E7B46AC7}.Debug|anycpu.ActiveCfg = Debug|anycpu
		{FF15180C-FD11-4BED-8902-9578E7B46AC7}.Debug|anycpu.Build.0 = Debug|anycpu
		{FF15180C-FD11-4BED-8902-9578E7B46AC7}.Release|anycpu.ActiveCfg = Release|anycpu
		{FF15180C-FD11-4BED-8902-9578E7B46AC7}.Release|anycpu.Build.0 = Release|anycpu
	EndGlobalSection
	GlobalSection(SolutionProperties) = preSolution
		HideSolutionNode = FALSE
	EndGlobalSection
	GlobalSection(ExtensibilityGlobals) = postSolution
		SolutionGuid = {9CA4F9EE-2CD8-4C2F-8F4B-E95AF5CDF350}
	EndGlobalSection
EndGlobal
