
Microsoft Visual Studio Solution File, Format Version 12.00
# Visual Studio Version 16
VisualStudioVersion = 16.0.809.6
MinimumVisualStudioVersion = 10.0.40219.1
Project("{FAE04EC0-301F-11D3-BF4B-00C04F79EFBC}") = "ControlFlow", "ControlFlow.csproj", "{42188E6D-7301-48D1-A367-558704CBFA1E}"
EndProject
Global
	GlobalSection(SolutionConfigurationPlatforms) = preSolution
		Debug|anycpu = Debug|anycpu
		Release|anycpu = Release|anycpu
	EndGlobalSection
	GlobalSection(ProjectConfigurationPlatforms) = postSolution
		{42188E6D-7301-48D1-A367-558704CBFA1E}.Debug|anycpu.ActiveCfg = Debug|anycpu
		{42188E6D-7301-48D1-A367-558704CBFA1E}.Debug|anycpu.Build.0 = Debug|anycpu
		{42188E6D-7301-48D1-A367-558704CBFA1E}.Release|anycpu.ActiveCfg = Release|anycpu
		{42188E6D-7301-48D1-A367-558704CBFA1E}.Release|anycpu.Build.0 = Release|anycpu
	EndGlobalSection
	GlobalSection(SolutionProperties) = preSolution
		HideSolutionNode = FALSE
	EndGlobalSection
	GlobalSection(ExtensibilityGlobals) = postSolution
		SolutionGuid = {E93E5C17-0FF8-4B0D-87A6-58AA3E1E673C}
	EndGlobalSection
EndGlobal
