
Microsoft Visual Studio Solution File, Format Version 12.00
# Visual Studio Version 16
VisualStudioVersion = 16.0.809.6
MinimumVisualStudioVersion = 10.0.40219.1
Project("{FAE04EC0-301F-11D3-BF4B-00C04F79EFBC}") = "Strings", "Strings.csproj", "{01A9FFCD-7616-43C5-8FC2-5C1511E79B31}"
EndProject
Global
	GlobalSection(SolutionConfigurationPlatforms) = preSolution
		Debug|anycpu = Debug|anycpu
		Release|anycpu = Release|anycpu
	EndGlobalSection
	GlobalSection(ProjectConfigurationPlatforms) = postSolution
		{01A9FFCD-7616-43C5-8FC2-5C1511E79B31}.Debug|anycpu.ActiveCfg = Debug|anycpu
		{01A9FFCD-7616-43C5-8FC2-5C1511E79B31}.Debug|anycpu.Build.0 = Debug|anycpu
		{01A9FFCD-7616-43C5-8FC2-5C1511E79B31}.Release|anycpu.ActiveCfg = Release|anycpu
		{01A9FFCD-7616-43C5-8FC2-5C1511E79B31}.Release|anycpu.Build.0 = Release|anycpu
	EndGlobalSection
	GlobalSection(SolutionProperties) = preSolution
		HideSolutionNode = FALSE
	EndGlobalSection
	GlobalSection(ExtensibilityGlobals) = postSolution
		SolutionGuid = {26BFF5F2-711E-4A2F-9272-A50B59E12608}
	EndGlobalSection
EndGlobal
